
Microsoft Visual Studio Solution File, Format Version 12.00
# Visual Studio Version 17
VisualStudioVersion = 17.8.34330.188
MinimumVisualStudioVersion = 10.0.40219.1
Project("{9A19103F-16F7-4668-BE54-9A1E7A4F7556}") = "Bowab.Api", "Bowab.Api\Bowab.Api.csproj", "{49C8D474-56F0-46BF-B270-7663F4BFD0ED}"
EndProject
Project("{E53339B2-1760-4266-BCC7-CA923CBCF16C}") = "docker-compose", "docker-compose.dcproj", "{3B914166-DACD-4F3E-B29D-F42872DCBE65}"
EndProject
Global
	GlobalSection(SolutionConfigurationPlatforms) = preSolution
		Debug|Any CPU = Debug|Any CPU
		Release|Any CPU = Release|Any CPU
	EndGlobalSection
	GlobalSection(ProjectConfigurationPlatforms) = postSolution
		{49C8D474-56F0-46BF-B270-7663F4BFD0ED}.Debug|Any CPU.ActiveCfg = Debug|Any CPU
		{49C8D474-56F0-46BF-B270-7663F4BFD0ED}.Debug|Any CPU.Build.0 = Debug|Any CPU
		{49C8D474-56F0-46BF-B270-7663F4BFD0ED}.Release|Any CPU.ActiveCfg = Release|Any CPU
		{49C8D474-56F0-46BF-B270-7663F4BFD0ED}.Release|Any CPU.Build.0 = Release|Any CPU
		{3B914166-DACD-4F3E-B29D-F42872DCBE65}.Debug|Any CPU.ActiveCfg = Debug|Any CPU
		{3B914166-DACD-4F3E-B29D-F42872DCBE65}.Debug|Any CPU.Build.0 = Debug|Any CPU
		{3B914166-DACD-4F3E-B29D-F42872DCBE65}.Release|Any CPU.ActiveCfg = Release|Any CPU
		{3B914166-DACD-4F3E-B29D-F42872DCBE65}.Release|Any CPU.Build.0 = Release|Any CPU
	EndGlobalSection
	GlobalSection(SolutionProperties) = preSolution
		HideSolutionNode = FALSE
	EndGlobalSection
	GlobalSection(ExtensibilityGlobals) = postSolution
		SolutionGuid = {4B504B6F-C3E1-407D-8BB9-CAA45DB67DC8}
	EndGlobalSection
EndGlobal
